// !$*UTF8*$!
{
	archiveVersion = 1;
	classes = {
	};
	objectVersion = 56;
	objects = {

/* Begin PBXBuildFile section */
		04D1E5AE2B14C326004F1A86 /* GPTPrintApp.swift in Sources */ = {isa = PBXBuildFile; fileRef = 04D1E5AD2B14C326004F1A86 /* GPTPrintApp.swift */; };
		04D1E5B02B14C326004F1A86 /* ContentView.swift in Sources */ = {isa = PBXBuildFile; fileRef = 04D1E5AF2B14C326004F1A86 /* ContentView.swift */; };
		04D1E5B22B14C327004F1A86 /* Assets.xcassets in Resources */ = {isa = PBXBuildFile; fileRef = 04D1E5B12B14C327004F1A86 /* Assets.xcassets */; };
		04D1E5B52B14C327004F1A86 /* Preview Assets.xcassets in Resources */ = {isa = PBXBuildFile; fileRef = 04D1E5B42B14C327004F1A86 /* Preview Assets.xcassets */; };
		04D1E5BF2B14C327004F1A86 /* GPTPrintTests.swift in Sources */ = {isa = PBXBuildFile; fileRef = 04D1E5BE2B14C327004F1A86 /* GPTPrintTests.swift */; };
		04D1E5C92B14C327004F1A86 /* GPTPrintUITests.swift in Sources */ = {isa = PBXBuildFile; fileRef = 04D1E5C82B14C327004F1A86 /* GPTPrintUITests.swift */; };
		04D1E5CB2B14C327004F1A86 /* GPTPrintUITestsLaunchTests.swift in Sources */ = {isa = PBXBuildFile; fileRef = 04D1E5CA2B14C327004F1A86 /* GPTPrintUITestsLaunchTests.swift */; };
		04D1E5D82B14CCC1004F1A86 /* GoogleService-Info.plist in Resources */ = {isa = PBXBuildFile; fileRef = 04D1E5D72B14CCC1004F1A86 /* GoogleService-Info.plist */; };
		04D1E5DB2B14CD73004F1A86 /* FirebaseAuth in Frameworks */ = {isa = PBXBuildFile; productRef = 04D1E5DA2B14CD73004F1A86 /* FirebaseAuth */; };
		04D1E5DD2B14CD73004F1A86 /* FirebaseAuthCombine-Community in Frameworks */ = {isa = PBXBuildFile; productRef = 04D1E5DC2B14CD73004F1A86 /* FirebaseAuthCombine-Community */; };
		04D1E5DF2B14CD73004F1A86 /* FirebaseDatabase in Frameworks */ = {isa = PBXBuildFile; productRef = 04D1E5DE2B14CD73004F1A86 /* FirebaseDatabase */; };
		04D1E5E12B14CD73004F1A86 /* FirebaseDatabaseSwift in Frameworks */ = {isa = PBXBuildFile; productRef = 04D1E5E02B14CD73004F1A86 /* FirebaseDatabaseSwift */; };
		04D1E5E32B14CD73004F1A86 /* FirebaseFirestore in Frameworks */ = {isa = PBXBuildFile; productRef = 04D1E5E22B14CD73004F1A86 /* FirebaseFirestore */; };
		04D1E5E52B14CD73004F1A86 /* FirebaseFirestoreCombine-Community in Frameworks */ = {isa = PBXBuildFile; productRef = 04D1E5E42B14CD73004F1A86 /* FirebaseFirestoreCombine-Community */; };
		04D1E5E72B14CD73004F1A86 /* FirebaseFirestoreSwift in Frameworks */ = {isa = PBXBuildFile; productRef = 04D1E5E62B14CD73004F1A86 /* FirebaseFirestoreSwift */; };
		04D1E5E92B14CD73004F1A86 /* FirebaseStorage in Frameworks */ = {isa = PBXBuildFile; productRef = 04D1E5E82B14CD73004F1A86 /* FirebaseStorage */; };
		04D1E5EB2B14CD73004F1A86 /* FirebaseStorageCombine-Community in Frameworks */ = {isa = PBXBuildFile; productRef = 04D1E5EA2B14CD73004F1A86 /* FirebaseStorageCombine-Community */; };
		04D1E5ED2B14CEE4004F1A86 /* Fonts in Resources */ = {isa = PBXBuildFile; fileRef = 04D1E5EC2B14CEE4004F1A86 /* Fonts */; };
/* End PBXBuildFile section */

/* Begin PBXContainerItemProxy section */
		04D1E5BB2B14C327004F1A86 /* PBXContainerItemProxy */ = {
			isa = PBXContainerItemProxy;
			containerPortal = 04D1E5A22B14C326004F1A86 /* Project object */;
			proxyType = 1;
			remoteGlobalIDString = 04D1E5A92B14C326004F1A86;
			remoteInfo = GPTPrint;
		};
		04D1E5C52B14C327004F1A86 /* PBXContainerItemProxy */ = {
			isa = PBXContainerItemProxy;
			containerPortal = 04D1E5A22B14C326004F1A86 /* Project object */;
			proxyType = 1;
			remoteGlobalIDString = 04D1E5A92B14C326004F1A86;
			remoteInfo = GPTPrint;
		};
/* End PBXContainerItemProxy section */

/* Begin PBXFileReference section */
		04D1E5AA2B14C326004F1A86 /* GPTPrint.app */ = {isa = PBXFileReference; explicitFileType = wrapper.application; includeInIndex = 0; path = GPTPrint.app; sourceTree = BUILT_PRODUCTS_DIR; };
		04D1E5AD2B14C326004F1A86 /* GPTPrintApp.swift */ = {isa = PBXFileReference; lastKnownFileType = sourcecode.swift; path = GPTPrintApp.swift; sourceTree = "<group>"; };
		04D1E5AF2B14C326004F1A86 /* ContentView.swift */ = {isa = PBXFileReference; lastKnownFileType = sourcecode.swift; path = ContentView.swift; sourceTree = "<group>"; };
		04D1E5B12B14C327004F1A86 /* Assets.xcassets */ = {isa = PBXFileReference; lastKnownFileType = folder.assetcatalog; path = Assets.xcassets; sourceTree = "<group>"; };
		04D1E5B42B14C327004F1A86 /* Preview Assets.xcassets */ = {isa = PBXFileReference; lastKnownFileType = folder.assetcatalog; path = "Preview Assets.xcassets"; sourceTree = "<group>"; };
		04D1E5BA2B14C327004F1A86 /* GPTPrintTests.xctest */ = {isa = PBXFileReference; explicitFileType = wrapper.cfbundle; includeInIndex = 0; path = GPTPrintTests.xctest; sourceTree = BUILT_PRODUCTS_DIR; };
		04D1E5BE2B14C327004F1A86 /* GPTPrintTests.swift */ = {isa = PBXFileReference; lastKnownFileType = sourcecode.swift; path = GPTPrintTests.swift; sourceTree = "<group>"; };
		04D1E5C42B14C327004F1A86 /* GPTPrintUITests.xctest */ = {isa = PBXFileReference; explicitFileType = wrapper.cfbundle; includeInIndex = 0; path = GPTPrintUITests.xctest; sourceTree = BUILT_PRODUCTS_DIR; };
		04D1E5C82B14C327004F1A86 /* GPTPrintUITests.swift */ = {isa = PBXFileReference; lastKnownFileType = sourcecode.swift; path = GPTPrintUITests.swift; sourceTree = "<group>"; };
		04D1E5CA2B14C327004F1A86 /* GPTPrintUITestsLaunchTests.swift */ = {isa = PBXFileReference; lastKnownFileType = sourcecode.swift; path = GPTPrintUITestsLaunchTests.swift; sourceTree = "<group>"; };
		04D1E5D72B14CCC1004F1A86 /* GoogleService-Info.plist */ = {isa = PBXFileReference; lastKnownFileType = text.plist; path = "GoogleService-Info.plist"; sourceTree = SOURCE_ROOT; };
		04D1E5EC2B14CEE4004F1A86 /* Fonts */ = {isa = PBXFileReference; fileEncoding = 4; lastKnownFileType = text; path = Fonts; sourceTree = SOURCE_ROOT; };
/* End PBXFileReference section */

/* Begin PBXFrameworksBuildPhase section */
		04D1E5A72B14C326004F1A86 /* Frameworks */ = {
			isa = PBXFrameworksBuildPhase;
			buildActionMask = 2147483647;
			files = (
				04D1E5E12B14CD73004F1A86 /* FirebaseDatabaseSwift in Frameworks */,
				04D1E5DF2B14CD73004F1A86 /* FirebaseDatabase in Frameworks */,
				04D1E5DB2B14CD73004F1A86 /* FirebaseAuth in Frameworks */,
				04D1E5E72B14CD73004F1A86 /* FirebaseFirestoreSwift in Frameworks */,
				04D1E5E52B14CD73004F1A86 /* FirebaseFirestoreCombine-Community in Frameworks */,
				04D1E5E92B14CD73004F1A86 /* FirebaseStorage in Frameworks */,
				04D1E5E32B14CD73004F1A86 /* FirebaseFirestore in Frameworks */,
				04D1E5EB2B14CD73004F1A86 /* FirebaseStorageCombine-Community in Frameworks */,
				04D1E5DD2B14CD73004F1A86 /* FirebaseAuthCombine-Community in Frameworks */,
			);
			runOnlyForDeploymentPostprocessing = 0;
		};
		04D1E5B72B14C327004F1A86 /* Frameworks */ = {
			isa = PBXFrameworksBuildPhase;
			buildActionMask = 2147483647;
			files = (
			);
			runOnlyForDeploymentPostprocessing = 0;
		};
		04D1E5C12B14C327004F1A86 /* Frameworks */ = {
			isa = PBXFrameworksBuildPhase;
			buildActionMask = 2147483647;
			files = (
			);
			runOnlyForDeploymentPostprocessing = 0;
		};
/* End PBXFrameworksBuildPhase section */

/* Begin PBXGroup section */
		04D1E5A12B14C325004F1A86 = {
			isa = PBXGroup;
			children = (
				04D1E5AC2B14C326004F1A86 /* GPTPrint */,
				04D1E5BD2B14C327004F1A86 /* GPTPrintTests */,
				04D1E5C72B14C327004F1A86 /* GPTPrintUITests */,
				04D1E5AB2B14C326004F1A86 /* Products */,
			);
			sourceTree = "<group>";
		};
		04D1E5AB2B14C326004F1A86 /* Products */ = {
			isa = PBXGroup;
			children = (
				04D1E5AA2B14C326004F1A86 /* GPTPrint.app */,
				04D1E5BA2B14C327004F1A86 /* GPTPrintTests.xctest */,
				04D1E5C42B14C327004F1A86 /* GPTPrintUITests.xctest */,
			);
			name = Products;
			sourceTree = "<group>";
		};
		04D1E5AC2B14C326004F1A86 /* GPTPrint */ = {
			isa = PBXGroup;
			children = (
				04D1E5EC2B14CEE4004F1A86 /* Fonts */,
				04D1E5D72B14CCC1004F1A86 /* GoogleService-Info.plist */,
				04D1E5AD2B14C326004F1A86 /* GPTPrintApp.swift */,
				04D1E5AF2B14C326004F1A86 /* ContentView.swift */,
				04D1E5B12B14C327004F1A86 /* Assets.xcassets */,
				04D1E5B32B14C327004F1A86 /* Preview Content */,
			);
			path = GPTPrint;
			sourceTree = "<group>";
		};
		04D1E5B32B14C327004F1A86 /* Preview Content */ = {
			isa = PBXGroup;
			children = (
				04D1E5B42B14C327004F1A86 /* Preview Assets.xcassets */,
			);
			path = "Preview Content";
			sourceTree = "<group>";
		};
		04D1E5BD2B14C327004F1A86 /* GPTPrintTests */ = {
			isa = PBXGroup;
			children = (
				04D1E5BE2B14C327004F1A86 /* GPTPrintTests.swift */,
			);
			path = GPTPrintTests;
			sourceTree = "<group>";
		};
		04D1E5C72B14C327004F1A86 /* GPTPrintUITests */ = {
			isa = PBXGroup;
			children = (
				04D1E5C82B14C327004F1A86 /* GPTPrintUITests.swift */,
				04D1E5CA2B14C327004F1A86 /* GPTPrintUITestsLaunchTests.swift */,
			);
			path = GPTPrintUITests;
			sourceTree = "<group>";
		};
/* End PBXGroup section */

/* Begin PBXNativeTarget section */
		04D1E5A92B14C326004F1A86 /* GPTPrint */ = {
			isa = PBXNativeTarget;
			buildConfigurationList = 04D1E5CE2B14C327004F1A86 /* Build configuration list for PBXNativeTarget "GPTPrint" */;
			buildPhases = (
				04D1E5A62B14C326004F1A86 /* Sources */,
				04D1E5A72B14C326004F1A86 /* Frameworks */,
				04D1E5A82B14C326004F1A86 /* Resources */,
			);
			buildRules = (
			);
			dependencies = (
			);
			name = GPTPrint;
			packageProductDependencies = (
				04D1E5DA2B14CD73004F1A86 /* FirebaseAuth */,
				04D1E5DC2B14CD73004F1A86 /* FirebaseAuthCombine-Community */,
				04D1E5DE2B14CD73004F1A86 /* FirebaseDatabase */,
				04D1E5E02B14CD73004F1A86 /* FirebaseDatabaseSwift */,
				04D1E5E22B14CD73004F1A86 /* FirebaseFirestore */,
				04D1E5E42B14CD73004F1A86 /* FirebaseFirestoreCombine-Community */,
				04D1E5E62B14CD73004F1A86 /* FirebaseFirestoreSwift */,
				04D1E5E82B14CD73004F1A86 /* FirebaseStorage */,
				04D1E5EA2B14CD73004F1A86 /* FirebaseStorageCombine-Community */,
			);
			productName = GPTPrint;
			productReference = 04D1E5AA2B14C326004F1A86 /* GPTPrint.app */;
			productType = "com.apple.product-type.application";
		};
		04D1E5B92B14C327004F1A86 /* GPTPrintTests */ = {
			isa = PBXNativeTarget;
			buildConfigurationList = 04D1E5D12B14C327004F1A86 /* Build configuration list for PBXNativeTarget "GPTPrintTests" */;
			buildPhases = (
				04D1E5B62B14C327004F1A86 /* Sources */,
				04D1E5B72B14C327004F1A86 /* Frameworks */,
				04D1E5B82B14C327004F1A86 /* Resources */,
			);
			buildRules = (
			);
			dependencies = (
				04D1E5BC2B14C327004F1A86 /* PBXTargetDependency */,
			);
			name = GPTPrintTests;
			productName = GPTPrintTests;
			productReference = 04D1E5BA2B14C327004F1A86 /* GPTPrintTests.xctest */;
			productType = "com.apple.product-type.bundle.unit-test";
		};
		04D1E5C32B14C327004F1A86 /* GPTPrintUITests */ = {
			isa = PBXNativeTarget;
			buildConfigurationList = 04D1E5D42B14C327004F1A86 /* Build configuration list for PBXNativeTarget "GPTPrintUITests" */;
			buildPhases = (
				04D1E5C02B14C327004F1A86 /* Sources */,
				04D1E5C12B14C327004F1A86 /* Frameworks */,
				04D1E5C22B14C327004F1A86 /* Resources */,
			);
			buildRules = (
			);
			dependencies = (
				04D1E5C62B14C327004F1A86 /* PBXTargetDependency */,
			);
			name = GPTPrintUITests;
			productName = GPTPrintUITests;
			productReference = 04D1E5C42B14C327004F1A86 /* GPTPrintUITests.xctest */;
			productType = "com.apple.product-type.bundle.ui-testing";
		};
/* End PBXNativeTarget section */

/* Begin PBXProject section */
		04D1E5A22B14C326004F1A86 /* Project object */ = {
			isa = PBXProject;
			attributes = {
				BuildIndependentTargetsInParallel = 1;
				LastSwiftUpdateCheck = 1420;
				LastUpgradeCheck = 1420;
				TargetAttributes = {
					04D1E5A92B14C326004F1A86 = {
						CreatedOnToolsVersion = 14.2;
					};
					04D1E5B92B14C327004F1A86 = {
						CreatedOnToolsVersion = 14.2;
						TestTargetID = 04D1E5A92B14C326004F1A86;
					};
					04D1E5C32B14C327004F1A86 = {
						CreatedOnToolsVersion = 14.2;
						TestTargetID = 04D1E5A92B14C326004F1A86;
					};
				};
			};
			buildConfigurationList = 04D1E5A52B14C326004F1A86 /* Build configuration list for PBXProject "GPTPrint" */;
			compatibilityVersion = "Xcode 14.0";
			developmentRegion = en;
			hasScannedForEncodings = 0;
			knownRegions = (
				en,
				Base,
			);
			mainGroup = 04D1E5A12B14C325004F1A86;
			packageReferences = (
				04D1E5D92B14CD73004F1A86 /* XCRemoteSwiftPackageReference "firebase-ios-sdk" */,
			);
			productRefGroup = 04D1E5AB2B14C326004F1A86 /* Products */;
			projectDirPath = "";
			projectRoot = "";
			targets = (
				04D1E5A92B14C326004F1A86 /* GPTPrint */,
				04D1E5B92B14C327004F1A86 /* GPTPrintTests */,
				04D1E5C32B14C327004F1A86 /* GPTPrintUITests */,
			);
		};
/* End PBXProject section */

/* Begin PBXResourcesBuildPhase section */
		04D1E5A82B14C326004F1A86 /* Resources */ = {
			isa = PBXResourcesBuildPhase;
			buildActionMask = 2147483647;
			files = (
				04D1E5B52B14C327004F1A86 /* Preview Assets.xcassets in Resources */,
				04D1E5B22B14C327004F1A86 /* Assets.xcassets in Resources */,
				04D1E5D82B14CCC1004F1A86 /* GoogleService-Info.plist in Resources */,
				04D1E5ED2B14CEE4004F1A86 /* Fonts in Resources */,
			);
			runOnlyForDeploymentPostprocessing = 0;
		};
		04D1E5B82B14C327004F1A86 /* Resources */ = {
			isa = PBXResourcesBuildPhase;
			buildActionMask = 2147483647;
			files = (
			);
			runOnlyForDeploymentPostprocessing = 0;
		};
		04D1E5C22B14C327004F1A86 /* Resources */ = {
			isa = PBXResourcesBuildPhase;
			buildActionMask = 2147483647;
			files = (
			);
			runOnlyForDeploymentPostprocessing = 0;
		};
/* End PBXResourcesBuildPhase section */

/* Begin PBXSourcesBuildPhase section */
		04D1E5A62B14C326004F1A86 /* Sources */ = {
			isa = PBXSourcesBuildPhase;
			buildActionMask = 2147483647;
			files = (
				04D1E5B02B14C326004F1A86 /* ContentView.swift in Sources */,
				04D1E5AE2B14C326004F1A86 /* GPTPrintApp.swift in Sources */,
			);
			runOnlyForDeploymentPostprocessing = 0;
		};
		04D1E5B62B14C327004F1A86 /* Sources */ = {
			isa = PBXSourcesBuildPhase;
			buildActionMask = 2147483647;
			files = (
				04D1E5BF2B14C327004F1A86 /* GPTPrintTests.swift in Sources */,
			);
			runOnlyForDeploymentPostprocessing = 0;
		};
		04D1E5C02B14C327004F1A86 /* Sources */ = {
			isa = PBXSourcesBuildPhase;
			buildActionMask = 2147483647;
			files = (
				04D1E5CB2B14C327004F1A86 /* GPTPrintUITestsLaunchTests.swift in Sources */,
				04D1E5C92B14C327004F1A86 /* GPTPrintUITests.swift in Sources */,
			);
			runOnlyForDeploymentPostprocessing = 0;
		};
/* End PBXSourcesBuildPhase section */

/* Begin PBXTargetDependency section */
		04D1E5BC2B14C327004F1A86 /* PBXTargetDependency */ = {
			isa = PBXTargetDependency;
			target = 04D1E5A92B14C326004F1A86 /* GPTPrint */;
			targetProxy = 04D1E5BB2B14C327004F1A86 /* PBXContainerItemProxy */;
		};
		04D1E5C62B14C327004F1A86 /* PBXTargetDependency */ = {
			isa = PBXTargetDependency;
			target = 04D1E5A92B14C326004F1A86 /* GPTPrint */;
			targetProxy = 04D1E5C52B14C327004F1A86 /* PBXContainerItemProxy */;
		};
/* End PBXTargetDependency section */

/* Begin XCBuildConfiguration section */
		04D1E5CC2B14C327004F1A86 /* Debug */ = {
			isa = XCBuildConfiguration;
			buildSettings = {
				ALWAYS_SEARCH_USER_PATHS = NO;
				CLANG_ANALYZER_NONNULL = YES;
				CLANG_ANALYZER_NUMBER_OBJECT_CONVERSION = YES_AGGRESSIVE;
				CLANG_CXX_LANGUAGE_STANDARD = "gnu++20";
				CLANG_ENABLE_MODULES = YES;
				CLANG_ENABLE_OBJC_ARC = YES;
				CLANG_ENABLE_OBJC_WEAK = YES;
				CLANG_WARN_BLOCK_CAPTURE_AUTORELEASING = YES;
				CLANG_WARN_BOOL_CONVERSION = YES;
				CLANG_WARN_COMMA = YES;
				CLANG_WARN_CONSTANT_CONVERSION = YES;
				CLANG_WARN_DEPRECATED_OBJC_IMPLEMENTATIONS = YES;
				CLANG_WARN_DIRECT_OBJC_ISA_USAGE = YES_ERROR;
				CLANG_WARN_DOCUMENTATION_COMMENTS = YES;
				CLANG_WARN_EMPTY_BODY = YES;
				CLANG_WARN_ENUM_CONVERSION = YES;
				CLANG_WARN_INFINITE_RECURSION = YES;
				CLANG_WARN_INT_CONVERSION = YES;
				CLANG_WARN_NON_LITERAL_NULL_CONVERSION = YES;
				CLANG_WARN_OBJC_IMPLICIT_RETAIN_SELF = YES;
				CLANG_WARN_OBJC_LITERAL_CONVERSION = YES;
				CLANG_WARN_OBJC_ROOT_CLASS = YES_ERROR;
				CLANG_WARN_QUOTED_INCLUDE_IN_FRAMEWORK_HEADER = YES;
				CLANG_WARN_RANGE_LOOP_ANALYSIS = YES;
				CLANG_WARN_STRICT_PROTOTYPES = YES;
				CLANG_WARN_SUSPICIOUS_MOVE = YES;
				CLANG_WARN_UNGUARDED_AVAILABILITY = YES_AGGRESSIVE;
				CLANG_WARN_UNREACHABLE_CODE = YES;
				CLANG_WARN__DUPLICATE_METHOD_MATCH = YES;
				COPY_PHASE_STRIP = NO;
				DEBUG_INFORMATION_FORMAT = dwarf;
				ENABLE_STRICT_OBJC_MSGSEND = YES;
				ENABLE_TESTABILITY = YES;
				GCC_C_LANGUAGE_STANDARD = gnu11;
				GCC_DYNAMIC_NO_PIC = NO;
				GCC_NO_COMMON_BLOCKS = YES;
				GCC_OPTIMIZATION_LEVEL = 0;
				GCC_PREPROCESSOR_DEFINITIONS = (
					"DEBUG=1",
					"$(inherited)",
				);
				GCC_WARN_64_TO_32_BIT_CONVERSION = YES;
				GCC_WARN_ABOUT_RETURN_TYPE = YES_ERROR;
				GCC_WARN_UNDECLARED_SELECTOR = YES;
				GCC_WARN_UNINITIALIZED_AUTOS = YES_AGGRESSIVE;
				GCC_WARN_UNUSED_FUNCTION = YES;
				GCC_WARN_UNUSED_VARIABLE = YES;
				IPHONEOS_DEPLOYMENT_TARGET = 16.2;
				MTL_ENABLE_DEBUG_INFO = INCLUDE_SOURCE;
				MTL_FAST_MATH = YES;
				ONLY_ACTIVE_ARCH = YES;
				SDKROOT = iphoneos;
				SWIFT_ACTIVE_COMPILATION_CONDITIONS = DEBUG;
				SWIFT_OPTIMIZATION_LEVEL = "-Onone";
			};
			name = Debug;
		};
		04D1E5CD2B14C327004F1A86 /* Release */ = {
			isa = XCBuildConfiguration;
			buildSettings = {
				ALWAYS_SEARCH_USER_PATHS = NO;
				CLANG_ANALYZER_NONNULL = YES;
				CLANG_ANALYZER_NUMBER_OBJECT_CONVERSION = YES_AGGRESSIVE;
				CLANG_CXX_LANGUAGE_STANDARD = "gnu++20";
				CLANG_ENABLE_MODULES = YES;
				CLANG_ENABLE_OBJC_ARC = YES;
				CLANG_ENABLE_OBJC_WEAK = YES;
				CLANG_WARN_BLOCK_CAPTURE_AUTORELEASING = YES;
				CLANG_WARN_BOOL_CONVERSION = YES;
				CLANG_WARN_COMMA = YES;
				CLANG_WARN_CONSTANT_CONVERSION = YES;
				CLANG_WARN_DEPRECATED_OBJC_IMPLEMENTATIONS = YES;
				CLANG_WARN_DIRECT_OBJC_ISA_USAGE = YES_ERROR;
				CLANG_WARN_DOCUMENTATION_COMMENTS = YES;
				CLANG_WARN_EMPTY_BODY = YES;
				CLANG_WARN_ENUM_CONVERSION = YES;
				CLANG_WARN_INFINITE_RECURSION = YES;
				CLANG_WARN_INT_CONVERSION = YES;
				CLANG_WARN_NON_LITERAL_NULL_CONVERSION = YES;
				CLANG_WARN_OBJC_IMPLICIT_RETAIN_SELF = YES;
				CLANG_WARN_OBJC_LITERAL_CONVERSION = YES;
				CLANG_WARN_OBJC_ROOT_CLASS = YES_ERROR;
				CLANG_WARN_QUOTED_INCLUDE_IN_FRAMEWORK_HEADER = YES;
				CLANG_WARN_RANGE_LOOP_ANALYSIS = YES;
				CLANG_WARN_STRICT_PROTOTYPES = YES;
				CLANG_WARN_SUSPICIOUS_MOVE = YES;
				CLANG_WARN_UNGUARDED_AVAILABILITY = YES_AGGRESSIVE;
				CLANG_WARN_UNREACHABLE_CODE = YES;
				CLANG_WARN__DUPLICATE_METHOD_MATCH = YES;
				COPY_PHASE_STRIP = NO;
				DEBUG_INFORMATION_FORMAT = "dwarf-with-dsym";
				ENABLE_NS_ASSERTIONS = NO;
				ENABLE_STRICT_OBJC_MSGSEND = YES;
				GCC_C_LANGUAGE_STANDARD = gnu11;
				GCC_NO_COMMON_BLOCKS = YES;
				GCC_WARN_64_TO_32_BIT_CONVERSION = YES;
				GCC_WARN_ABOUT_RETURN_TYPE = YES_ERROR;
				GCC_WARN_UNDECLARED_SELECTOR = YES;
				GCC_WARN_UNINITIALIZED_AUTOS = YES_AGGRESSIVE;
				GCC_WARN_UNUSED_FUNCTION = YES;
				GCC_WARN_UNUSED_VARIABLE = YES;
				IPHONEOS_DEPLOYMENT_TARGET = 16.2;
				MTL_ENABLE_DEBUG_INFO = NO;
				MTL_FAST_MATH = YES;
				SDKROOT = iphoneos;
				SWIFT_COMPILATION_MODE = wholemodule;
				SWIFT_OPTIMIZATION_LEVEL = "-O";
				VALIDATE_PRODUCT = YES;
			};
			name = Release;
		};
		04D1E5CF2B14C327004F1A86 /* Debug */ = {
			isa = XCBuildConfiguration;
			buildSettings = {
				ASSETCATALOG_COMPILER_APPICON_NAME = AppIcon;
				ASSETCATALOG_COMPILER_GLOBAL_ACCENT_COLOR_NAME = AccentColor;
				CODE_SIGN_STYLE = Automatic;
				CURRENT_PROJECT_VERSION = 1;
				DEVELOPMENT_ASSET_PATHS = "\"GPTPrint/Preview Content\"";
				DEVELOPMENT_TEAM = DJY49YYL9Z;
				ENABLE_PREVIEWS = YES;
				GENERATE_INFOPLIST_FILE = YES;
				INFOPLIST_KEY_UIApplicationSceneManifest_Generation = YES;
				INFOPLIST_KEY_UIApplicationSupportsIndirectInputEvents = YES;
				INFOPLIST_KEY_UILaunchScreen_Generation = YES;
				INFOPLIST_KEY_UISupportedInterfaceOrientations_iPad = "UIInterfaceOrientationPortrait UIInterfaceOrientationPortraitUpsideDown UIInterfaceOrientationLandscapeLeft UIInterfaceOrientationLandscapeRight";
				INFOPLIST_KEY_UISupportedInterfaceOrientations_iPhone = "UIInterfaceOrientationPortrait UIInterfaceOrientationLandscapeLeft UIInterfaceOrientationLandscapeRight";
				LD_RUNPATH_SEARCH_PATHS = (
					"$(inherited)",
					"@executable_path/Frameworks",
				);
				MARKETING_VERSION = 1.0;
				PRODUCT_BUNDLE_IDENTIFIER = com.lexiezhou.GPTPrint;
				PRODUCT_NAME = "$(TARGET_NAME)";
				SWIFT_EMIT_LOC_STRINGS = YES;
				SWIFT_VERSION = 5.0;
				TARGETED_DEVICE_FAMILY = "1,2";
			};
			name = Debug;
		};
		04D1E5D02B14C327004F1A86 /* Release */ = {
			isa = XCBuildConfiguration;
			buildSettings = {
				ASSETCATALOG_COMPILER_APPICON_NAME = AppIcon;
				ASSETCATALOG_COMPILER_GLOBAL_ACCENT_COLOR_NAME = AccentColor;
				CODE_SIGN_STYLE = Automatic;
				CURRENT_PROJECT_VERSION = 1;
				DEVELOPMENT_ASSET_PATHS = "\"GPTPrint/Preview Content\"";
				DEVELOPMENT_TEAM = DJY49YYL9Z;
				ENABLE_PREVIEWS = YES;
				GENERATE_INFOPLIST_FILE = YES;
				INFOPLIST_KEY_UIApplicationSceneManifest_Generation = YES;
				INFOPLIST_KEY_UIApplicationSupportsIndirectInputEvents = YES;
				INFOPLIST_KEY_UILaunchScreen_Generation = YES;
				INFOPLIST_KEY_UISupportedInterfaceOrientations_iPad = "UIInterfaceOrientationPortrait UIInterfaceOrientationPortraitUpsideDown UIInterfaceOrientationLandscapeLeft UIInterfaceOrientationLandscapeRight";
				INFOPLIST_KEY_UISupportedInterfaceOrientations_iPhone = "UIInterfaceOrientationPortrait UIInterfaceOrientationLandscapeLeft UIInterfaceOrientationLandscapeRight";
				LD_RUNPATH_SEARCH_PATHS = (
					"$(inherited)",
					"@executable_path/Frameworks",
				);
				MARKETING_VERSION = 1.0;
				PRODUCT_BUNDLE_IDENTIFIER = com.lexiezhou.GPTPrint;
				PRODUCT_NAME = "$(TARGET_NAME)";
				SWIFT_EMIT_LOC_STRINGS = YES;
				SWIFT_VERSION = 5.0;
				TARGETED_DEVICE_FAMILY = "1,2";
			};
			name = Release;
		};
		04D1E5D22B14C327004F1A86 /* Debug */ = {
			isa = XCBuildConfiguration;
			buildSettings = {
				ALWAYS_EMBED_SWIFT_STANDARD_LIBRARIES = YES;
				BUNDLE_LOADER = "$(TEST_HOST)";
				CODE_SIGN_STYLE = Automatic;
				CURRENT_PROJECT_VERSION = 1;
				DEVELOPMENT_TEAM = DJY49YYL9Z;
				GENERATE_INFOPLIST_FILE = YES;
				IPHONEOS_DEPLOYMENT_TARGET = 16.2;
				MARKETING_VERSION = 1.0;
				PRODUCT_BUNDLE_IDENTIFIER = com.lexiezhou.GPTPrintTests;
				PRODUCT_NAME = "$(TARGET_NAME)";
				SWIFT_EMIT_LOC_STRINGS = NO;
				SWIFT_VERSION = 5.0;
				TARGETED_DEVICE_FAMILY = "1,2";
				TEST_HOST = "$(BUILT_PRODUCTS_DIR)/GPTPrint.app/$(BUNDLE_EXECUTABLE_FOLDER_PATH)/GPTPrint";
			};
			name = Debug;
		};
		04D1E5D32B14C327004F1A86 /* Release */ = {
			isa = XCBuildConfiguration;
			buildSettings = {
				ALWAYS_EMBED_SWIFT_STANDARD_LIBRARIES = YES;
				BUNDLE_LOADER = "$(TEST_HOST)";
				CODE_SIGN_STYLE = Automatic;
				CURRENT_PROJECT_VERSION = 1;
				DEVELOPMENT_TEAM = DJY49YYL9Z;
				GENERATE_INFOPLIST_FILE = YES;
				IPHONEOS_DEPLOYMENT_TARGET = 16.2;
				MARKETING_VERSION = 1.0;
				PRODUCT_BUNDLE_IDENTIFIER = com.lexiezhou.GPTPrintTests;
				PRODUCT_NAME = "$(TARGET_NAME)";
				SWIFT_EMIT_LOC_STRINGS = NO;
				SWIFT_VERSION = 5.0;
				TARGETED_DEVICE_FAMILY = "1,2";
				TEST_HOST = "$(BUILT_PRODUCTS_DIR)/GPTPrint.app/$(BUNDLE_EXECUTABLE_FOLDER_PATH)/GPTPrint";
			};
			name = Release;
		};
		04D1E5D52B14C327004F1A86 /* Debug */ = {
			isa = XCBuildConfiguration;
			buildSettings = {
				ALWAYS_EMBED_SWIFT_STANDARD_LIBRARIES = YES;
				CODE_SIGN_STYLE = Automatic;
				CURRENT_PROJECT_VERSION = 1;
				DEVELOPMENT_TEAM = DJY49YYL9Z;
				GENERATE_INFOPLIST_FILE = YES;
				MARKETING_VERSION = 1.0;
				PRODUCT_BUNDLE_IDENTIFIER = com.lexiezhou.GPTPrintUITests;
				PRODUCT_NAME = "$(TARGET_NAME)";
				SWIFT_EMIT_LOC_STRINGS = NO;
				SWIFT_VERSION = 5.0;
				TARGETED_DEVICE_FAMILY = "1,2";
				TEST_TARGET_NAME = GPTPrint;
			};
			name = Debug;
		};
		04D1E5D62B14C327004F1A86 /* Release */ = {
			isa = XCBuildConfiguration;
			buildSettings = {
				ALWAYS_EMBED_SWIFT_STANDARD_LIBRARIES = YES;
				CODE_SIGN_STYLE = Automatic;
				CURRENT_PROJECT_VERSION = 1;
				DEVELOPMENT_TEAM = DJY49YYL9Z;
				GENERATE_INFOPLIST_FILE = YES;
				MARKETING_VERSION = 1.0;
				PRODUCT_BUNDLE_IDENTIFIER = com.lexiezhou.GPTPrintUITests;
				PRODUCT_NAME = "$(TARGET_NAME)";
				SWIFT_EMIT_LOC_STRINGS = NO;
				SWIFT_VERSION = 5.0;
				TARGETED_DEVICE_FAMILY = "1,2";
				TEST_TARGET_NAME = GPTPrint;
			};
			name = Release;
		};
/* End XCBuildConfiguration section */

/* Begin XCConfigurationList section */
		04D1E5A52B14C326004F1A86 /* Build configuration list for PBXProject "GPTPrint" */ = {
			isa = XCConfigurationList;
			buildConfigurations = (
				04D1E5CC2B14C327004F1A86 /* Debug */,
				04D1E5CD2B14C327004F1A86 /* Release */,
			);
			defaultConfigurationIsVisible = 0;
			defaultConfigurationName = Release;
		};
		04D1E5CE2B14C327004F1A86 /* Build configuration list for PBXNativeTarget "GPTPrint" */ = {
			isa = XCConfigurationList;
			buildConfigurations = (
				04D1E5CF2B14C327004F1A86 /* Debug */,
				04D1E5D02B14C327004F1A86 /* Release */,
			);
			defaultConfigurationIsVisible = 0;
			defaultConfigurationName = Release;
		};
		04D1E5D12B14C327004F1A86 /* Build configuration list for PBXNativeTarget "GPTPrintTests" */ = {
			isa = XCConfigurationList;
			buildConfigurations = (
				04D1E5D22B14C327004F1A86 /* Debug */,
				04D1E5D32B14C327004F1A86 /* Release */,
			);
			defaultConfigurationIsVisible = 0;
			defaultConfigurationName = Release;
		};
		04D1E5D42B14C327004F1A86 /* Build configuration list for PBXNativeTarget "GPTPrintUITests" */ = {
			isa = XCConfigurationList;
			buildConfigurations = (
				04D1E5D52B14C327004F1A86 /* Debug */,
				04D1E5D62B14C327004F1A86 /* Release */,
			);
			defaultConfigurationIsVisible = 0;
			defaultConfigurationName = Release;
		};
/* End XCConfigurationList section */

/* Begin XCRemoteSwiftPackageReference section */
		04D1E5D92B14CD73004F1A86 /* XCRemoteSwiftPackageReference "firebase-ios-sdk" */ = {
			isa = XCRemoteSwiftPackageReference;
			repositoryURL = "https://github.com/firebase/firebase-ios-sdk";
			requirement = {
				branch = master;
				kind = branch;
			};
		};
/* End XCRemoteSwiftPackageReference section */

/* Begin XCSwiftPackageProductDependency section */
		04D1E5DA2B14CD73004F1A86 /* FirebaseAuth */ = {
			isa = XCSwiftPackageProductDependency;
			package = 04D1E5D92B14CD73004F1A86 /* XCRemoteSwiftPackageReference "firebase-ios-sdk" */;
			productName = FirebaseAuth;
		};
		04D1E5DC2B14CD73004F1A86 /* FirebaseAuthCombine-Community */ = {
			isa = XCSwiftPackageProductDependency;
			package = 04D1E5D92B14CD73004F1A86 /* XCRemoteSwiftPackageReference "firebase-ios-sdk" */;
			productName = "FirebaseAuthCombine-Community";
		};
		04D1E5DE2B14CD73004F1A86 /* FirebaseDatabase */ = {
			isa = XCSwiftPackageProductDependency;
			package = 04D1E5D92B14CD73004F1A86 /* XCRemoteSwiftPackageReference "firebase-ios-sdk" */;
			productName = FirebaseDatabase;
		};
		04D1E5E02B14CD73004F1A86 /* FirebaseDatabaseSwift */ = {
			isa = XCSwiftPackageProductDependency;
			package = 04D1E5D92B14CD73004F1A86 /* XCRemoteSwiftPackageReference "firebase-ios-sdk" */;
			productName = FirebaseDatabaseSwift;
		};
		04D1E5E22B14CD73004F1A86 /* FirebaseFirestore */ = {
			isa = XCSwiftPackageProductDependency;
			package = 04D1E5D92B14CD73004F1A86 /* XCRemoteSwiftPackageReference "firebase-ios-sdk" */;
			productName = FirebaseFirestore;
		};
		04D1E5E42B14CD73004F1A86 /* FirebaseFirestoreCombine-Community */ = {
			isa = XCSwiftPackageProductDependency;
			package = 04D1E5D92B14CD73004F1A86 /* XCRemoteSwiftPackageReference "firebase-ios-sdk" */;
			productName = "FirebaseFirestoreCombine-Community";
		};
		04D1E5E62B14CD73004F1A86 /* FirebaseFirestoreSwift */ = {
			isa = XCSwiftPackageProductDependency;
			package = 04D1E5D92B14CD73004F1A86 /* XCRemoteSwiftPackageReference "firebase-ios-sdk" */;
			productName = FirebaseFirestoreSwift;
		};
		04D1E5E82B14CD73004F1A86 /* FirebaseStorage */ = {
			isa = XCSwiftPackageProductDependency;
			package = 04D1E5D92B14CD73004F1A86 /* XCRemoteSwiftPackageReference "firebase-ios-sdk" */;
			productName = FirebaseStorage;
		};
		04D1E5EA2B14CD73004F1A86 /* FirebaseStorageCombine-Community */ = {
			isa = XCSwiftPackageProductDependency;
			package = 04D1E5D92B14CD73004F1A86 /* XCRemoteSwiftPackageReference "firebase-ios-sdk" */;
			productName = "FirebaseStorageCombine-Community";
		};
/* End XCSwiftPackageProductDependency section */
	};
	rootObject = 04D1E5A22B14C326004F1A86 /* Project object */;
}
